
Microsoft Visual Studio Solution File, Format Version 12.00
# Visual Studio Version 16
VisualStudioVersion = 16.0.29418.71
MinimumVisualStudioVersion = 10.0.40219.1
Project("{9A19103F-16F7-4668-BE54-9A1E7A4F7556}") = "1_SampleCSHttpFunction", "1_SampleCSHttpFunction.csproj", "{115C067A-0886-4130-B9E3-A2B787FC1110}"
EndProject
Global
	GlobalSection(SolutionConfigurationPlatforms) = preSolution
		Debug|Any CPU = Debug|Any CPU
		Release|Any CPU = Release|Any CPU
	EndGlobalSection
	GlobalSection(ProjectConfigurationPlatforms) = postSolution
		{115C067A-0886-4130-B9E3-A2B787FC1110}.Debug|Any CPU.ActiveCfg = Debug|Any CPU
		{115C067A-0886-4130-B9E3-A2B787FC1110}.Debug|Any CPU.Build.0 = Debug|Any CPU
		{115C067A-0886-4130-B9E3-A2B787FC1110}.Release|Any CPU.ActiveCfg = Release|Any CPU
		{115C067A-0886-4130-B9E3-A2B787FC1110}.Release|Any CPU.Build.0 = Release|Any CPU
	EndGlobalSection
	GlobalSection(SolutionProperties) = preSolution
		HideSolutionNode = FALSE
	EndGlobalSection
	GlobalSection(ExtensibilityGlobals) = postSolution
		SolutionGuid = {EAF82565-ECD4-4F33-BFF9-A7034B1ECDF6}
	EndGlobalSection
EndGlobal
